// !$*UTF8*$!
{
	archiveVersion = 1;
	classes = {
	};
	objectVersion = 46;
	objects = {

/* Begin PBXBuildFile section */
		30C198851EE8C65E00F1E117 /* AppDelegate.swift in Sources */ = {isa = PBXBuildFile; fileRef = 30C198841EE8C65E00F1E117 /* AppDelegate.swift */; };
		30C198871EE8C65E00F1E117 /* MapCanvasViewController.swift in Sources */ = {isa = PBXBuildFile; fileRef = 30C198861EE8C65E00F1E117 /* MapCanvasViewController.swift */; };
		30C1988A1EE8C65E00F1E117 /* Main.storyboard in Resources */ = {isa = PBXBuildFile; fileRef = 30C198881EE8C65E00F1E117 /* Main.storyboard */; };
		30C1988D1EE8C65E00F1E117 /* BookCatcher.xcdatamodeld in Sources */ = {isa = PBXBuildFile; fileRef = 30C1988B1EE8C65E00F1E117 /* BookCatcher.xcdatamodeld */; };
		30C1988F1EE8C65E00F1E117 /* Assets.xcassets in Resources */ = {isa = PBXBuildFile; fileRef = 30C1988E1EE8C65E00F1E117 /* Assets.xcassets */; };
		30C198921EE8C65E00F1E117 /* LaunchScreen.storyboard in Resources */ = {isa = PBXBuildFile; fileRef = 30C198901EE8C65E00F1E117 /* LaunchScreen.storyboard */; };
		30C1989B1EE8C84D00F1E117 /* MapKit.framework in Frameworks */ = {isa = PBXBuildFile; fileRef = 30C1989A1EE8C84D00F1E117 /* MapKit.framework */; };
/* End PBXBuildFile section */

/* Begin PBXFileReference section */
		30C198811EE8C65E00F1E117 /* BookCatcher.app */ = {isa = PBXFileReference; explicitFileType = wrapper.application; includeInIndex = 0; path = BookCatcher.app; sourceTree = BUILT_PRODUCTS_DIR; };
		30C198841EE8C65E00F1E117 /* AppDelegate.swift */ = {isa = PBXFileReference; lastKnownFileType = sourcecode.swift; path = AppDelegate.swift; sourceTree = "<group>"; };
		30C198861EE8C65E00F1E117 /* MapCanvasViewController.swift */ = {isa = PBXFileReference; lastKnownFileType = sourcecode.swift; path = MapCanvasViewController.swift; sourceTree = "<group>"; };
		30C198891EE8C65E00F1E117 /* Base */ = {isa = PBXFileReference; lastKnownFileType = file.storyboard; name = Base; path = Base.lproj/Main.storyboard; sourceTree = "<group>"; };
		30C1988C1EE8C65E00F1E117 /* BookCatcher.xcdatamodel */ = {isa = PBXFileReference; lastKnownFileType = wrapper.xcdatamodel; path = BookCatcher.xcdatamodel; sourceTree = "<group>"; };
		30C1988E1EE8C65E00F1E117 /* Assets.xcassets */ = {isa = PBXFileReference; lastKnownFileType = folder.assetcatalog; path = Assets.xcassets; sourceTree = "<group>"; };
		30C198911EE8C65E00F1E117 /* Base */ = {isa = PBXFileReference; lastKnownFileType = file.storyboard; name = Base; path = Base.lproj/LaunchScreen.storyboard; sourceTree = "<group>"; };
		30C198931EE8C65E00F1E117 /* Info.plist */ = {isa = PBXFileReference; lastKnownFileType = text.plist.xml; path = Info.plist; sourceTree = "<group>"; };
		30C1989A1EE8C84D00F1E117 /* MapKit.framework */ = {isa = PBXFileReference; lastKnownFileType = wrapper.framework; name = MapKit.framework; path = System/Library/Frameworks/MapKit.framework; sourceTree = SDKROOT; };
/* End PBXFileReference section */

/* Begin PBXFrameworksBuildPhase section */
		30C1987E1EE8C65E00F1E117 /* Frameworks */ = {
			isa = PBXFrameworksBuildPhase;
			buildActionMask = 2147483647;
			files = (
				30C1989B1EE8C84D00F1E117 /* MapKit.framework in Frameworks */,
			);
			runOnlyForDeploymentPostprocessing = 0;
		};
/* End PBXFrameworksBuildPhase section */

/* Begin PBXGroup section */
		30C198781EE8C65E00F1E117 = {
			isa = PBXGroup;
			children = (
				30C198831EE8C65E00F1E117 /* BookCatcher */,
				30C198821EE8C65E00F1E117 /* Products */,
				30C198991EE8C84D00F1E117 /* Frameworks */,
			);
			sourceTree = "<group>";
		};
		30C198821EE8C65E00F1E117 /* Products */ = {
			isa = PBXGroup;
			children = (
				30C198811EE8C65E00F1E117 /* BookCatcher.app */,
			);
			name = Products;
			sourceTree = "<group>";
		};
		30C198831EE8C65E00F1E117 /* BookCatcher */ = {
			isa = PBXGroup;
			children = (
				30C198841EE8C65E00F1E117 /* AppDelegate.swift */,
				30C198861EE8C65E00F1E117 /* MapCanvasViewController.swift */,
				30C198881EE8C65E00F1E117 /* Main.storyboard */,
				30C1988E1EE8C65E00F1E117 /* Assets.xcassets */,
				30C198901EE8C65E00F1E117 /* LaunchScreen.storyboard */,
				30C198931EE8C65E00F1E117 /* Info.plist */,
				30C1988B1EE8C65E00F1E117 /* BookCatcher.xcdatamodeld */,
			);
			path = BookCatcher;
			sourceTree = "<group>";
		};
		30C198991EE8C84D00F1E117 /* Frameworks */ = {
			isa = PBXGroup;
			children = (
				30C1989A1EE8C84D00F1E117 /* MapKit.framework */,
			);
			name = Frameworks;
			sourceTree = "<group>";
		};
/* End PBXGroup section */

/* Begin PBXNativeTarget section */
		30C198801EE8C65E00F1E117 /* BookCatcher */ = {
			isa = PBXNativeTarget;
			buildConfigurationList = 30C198961EE8C65E00F1E117 /* Build configuration list for PBXNativeTarget "BookCatcher" */;
			buildPhases = (
				30C1987D1EE8C65E00F1E117 /* Sources */,
				30C1987E1EE8C65E00F1E117 /* Frameworks */,
				30C1987F1EE8C65E00F1E117 /* Resources */,
			);
			buildRules = (
			);
			dependencies = (
			);
			name = BookCatcher;
			productName = BookCatcher;
			productReference = 30C198811EE8C65E00F1E117 /* BookCatcher.app */;
			productType = "com.apple.product-type.application";
		};
/* End PBXNativeTarget section */

/* Begin PBXProject section */
		30C198791EE8C65E00F1E117 /* Project object */ = {
			isa = PBXProject;
			attributes = {
				LastSwiftUpdateCheck = 0830;
				LastUpgradeCheck = 0830;
				ORGANIZATIONNAME = personal;
				TargetAttributes = {
					30C198801EE8C65E00F1E117 = {
						CreatedOnToolsVersion = 8.3.2;
						DevelopmentTeam = 36CDGH73DP;
						ProvisioningStyle = Automatic;
					};
				};
			};
			buildConfigurationList = 30C1987C1EE8C65E00F1E117 /* Build configuration list for PBXProject "BookCatcher" */;
			compatibilityVersion = "Xcode 3.2";
			developmentRegion = English;
			hasScannedForEncodings = 0;
			knownRegions = (
				en,
				Base,
			);
			mainGroup = 30C198781EE8C65E00F1E117;
			productRefGroup = 30C198821EE8C65E00F1E117 /* Products */;
			projectDirPath = "";
			projectRoot = "";
			targets = (
				30C198801EE8C65E00F1E117 /* BookCatcher */,
			);
		};
/* End PBXProject section */

/* Begin PBXResourcesBuildPhase section */
		30C1987F1EE8C65E00F1E117 /* Resources */ = {
			isa = PBXResourcesBuildPhase;
			buildActionMask = 2147483647;
			files = (
				30C198921EE8C65E00F1E117 /* LaunchScreen.storyboard in Resources */,
				30C1988F1EE8C65E00F1E117 /* Assets.xcassets in Resources */,
				30C1988A1EE8C65E00F1E117 /* Main.storyboard in Resources */,
			);
			runOnlyForDeploymentPostprocessing = 0;
		};
/* End PBXResourcesBuildPhase section */

/* Begin PBXSourcesBuildPhase section */
		30C1987D1EE8C65E00F1E117 /* Sources */ = {
			isa = PBXSourcesBuildPhase;
			buildActionMask = 2147483647;
			files = (
				30C198871EE8C65E00F1E117 /* MapCanvasViewController.swift in Sources */,
				30C1988D1EE8C65E00F1E117 /* BookCatcher.xcdatamodeld in Sources */,
				30C198851EE8C65E00F1E117 /* AppDelegate.swift in Sources */,
			);
			runOnlyForDeploymentPostprocessing = 0;
		};
/* End PBXSourcesBuildPhase section */

/* Begin PBXVariantGroup section */
		30C198881EE8C65E00F1E117 /* Main.storyboard */ = {
			isa = PBXVariantGroup;
			children = (
				30C198891EE8C65E00F1E117 /* Base */,
			);
			name = Main.storyboard;
			sourceTree = "<group>";
		};
		30C198901EE8C65E00F1E117 /* LaunchScreen.storyboard */ = {
			isa = PBXVariantGroup;
			children = (
				30C198911EE8C65E00F1E117 /* Base */,
			);
			name = LaunchScreen.storyboard;
			sourceTree = "<group>";
		};
/* End PBXVariantGroup section */

/* Begin XCBuildConfiguration section */
		30C198941EE8C65E00F1E117 /* Debug */ = {
			isa = XCBuildConfiguration;
			buildSettings = {
				ALWAYS_SEARCH_USER_PATHS = NO;
				CLANG_ANALYZER_NONNULL = YES;
				CLANG_ANALYZER_NUMBER_OBJECT_CONVERSION = YES_AGGRESSIVE;
				CLANG_CXX_LANGUAGE_STANDARD = "gnu++0x";
				CLANG_CXX_LIBRARY = "libc++";
				CLANG_ENABLE_MODULES = YES;
				CLANG_ENABLE_OBJC_ARC = YES;
				CLANG_WARN_BOOL_CONVERSION = YES;
				CLANG_WARN_CONSTANT_CONVERSION = YES;
				CLANG_WARN_DIRECT_OBJC_ISA_USAGE = YES_ERROR;
				CLANG_WARN_DOCUMENTATION_COMMENTS = YES;
				CLANG_WARN_EMPTY_BODY = YES;
				CLANG_WARN_ENUM_CONVERSION = YES;
				CLANG_WARN_INFINITE_RECURSION = YES;
				CLANG_WARN_INT_CONVERSION = YES;
				CLANG_WARN_OBJC_ROOT_CLASS = YES_ERROR;
				CLANG_WARN_SUSPICIOUS_MOVE = YES;
				CLANG_WARN_UNREACHABLE_CODE = YES;
				CLANG_WARN__DUPLICATE_METHOD_MATCH = YES;
				"CODE_SIGN_IDENTITY[sdk=iphoneos*]" = "iPhone Developer";
				COPY_PHASE_STRIP = NO;
				DEBUG_INFORMATION_FORMAT = dwarf;
				ENABLE_STRICT_OBJC_MSGSEND = YES;
				ENABLE_TESTABILITY = YES;
				GCC_C_LANGUAGE_STANDARD = gnu99;
				GCC_DYNAMIC_NO_PIC = NO;
				GCC_NO_COMMON_BLOCKS = YES;
				GCC_OPTIMIZATION_LEVEL = 0;
				GCC_PREPROCESSOR_DEFINITIONS = (
					"DEBUG=1",
					"$(inherited)",
				);
				GCC_WARN_64_TO_32_BIT_CONVERSION = YES;
				GCC_WARN_ABOUT_RETURN_TYPE = YES_ERROR;
				GCC_WARN_UNDECLARED_SELECTOR = YES;
				GCC_WARN_UNINITIALIZED_AUTOS = YES_AGGRESSIVE;
				GCC_WARN_UNUSED_FUNCTION = YES;
				GCC_WARN_UNUSED_VARIABLE = YES;
				IPHONEOS_DEPLOYMENT_TARGET = 10.3;
				MTL_ENABLE_DEBUG_INFO = YES;
				ONLY_ACTIVE_ARCH = YES;
				SDKROOT = iphoneos;
				SWIFT_ACTIVE_COMPILATION_CONDITIONS = DEBUG;
				SWIFT_OPTIMIZATION_LEVEL = "-Onone";
				TARGETED_DEVICE_FAMILY = "1,2";
			};
			name = Debug;
		};
		30C198951EE8C65E00F1E117 /* Release */ = {
			isa = XCBuildConfiguration;
			buildSettings = {
				ALWAYS_SEARCH_USER_PATHS = NO;
				CLANG_ANALYZER_NONNULL = YES;
				CLANG_ANALYZER_NUMBER_OBJECT_CONVERSION = YES_AGGRESSIVE;
				CLANG_CXX_LANGUAGE_STANDARD = "gnu++0x";
				CLANG_CXX_LIBRARY = "libc++";
				CLANG_ENABLE_MODULES = YES;
				CLANG_ENABLE_OBJC_ARC = YES;
				CLANG_WARN_BOOL_CONVERSION = YES;
				CLANG_WARN_CONSTANT_CONVERSION = YES;
				CLANG_WARN_DIRECT_OBJC_ISA_USAGE = YES_ERROR;
				CLANG_WARN_DOCUMENTATION_COMMENTS = YES;
				CLANG_WARN_EMPTY_BODY = YES;
				CLANG_WARN_ENUM_CONVERSION = YES;
				CLANG_WARN_INFINITE_RECURSION = YES;
				CLANG_WARN_INT_CONVERSION = YES;
				CLANG_WARN_OBJC_ROOT_CLASS = YES_ERROR;
				CLANG_WARN_SUSPICIOUS_MOVE = YES;
				CLANG_WARN_UNREACHABLE_CODE = YES;
				CLANG_WARN__DUPLICATE_METHOD_MATCH = YES;
				"CODE_SIGN_IDENTITY[sdk=iphoneos*]" = "iPhone Developer";
				COPY_PHASE_STRIP = NO;
				DEBUG_INFORMATION_FORMAT = "dwarf-with-dsym";
				ENABLE_NS_ASSERTIONS = NO;
				ENABLE_STRICT_OBJC_MSGSEND = YES;
				GCC_C_LANGUAGE_STANDARD = gnu99;
				GCC_NO_COMMON_BLOCKS = YES;
				GCC_WARN_64_TO_32_BIT_CONVERSION = YES;
				GCC_WARN_ABOUT_RETURN_TYPE = YES_ERROR;
				GCC_WARN_UNDECLARED_SELECTOR = YES;
				GCC_WARN_UNINITIALIZED_AUTOS = YES_AGGRESSIVE;
				GCC_WARN_UNUSED_FUNCTION = YES;
				GCC_WARN_UNUSED_VARIABLE = YES;
				IPHONEOS_DEPLOYMENT_TARGET = 10.3;
				MTL_ENABLE_DEBUG_INFO = NO;
				SDKROOT = iphoneos;
				SWIFT_OPTIMIZATION_LEVEL = "-Owholemodule";
				TARGETED_DEVICE_FAMILY = "1,2";
				VALIDATE_PRODUCT = YES;
			};
			name = Release;
		};
		30C198971EE8C65E00F1E117 /* Debug */ = {
			isa = XCBuildConfiguration;
			buildSettings = {
				ASSETCATALOG_COMPILER_APPICON_NAME = AppIcon;
				DEVELOPMENT_TEAM = 36CDGH73DP;
				INFOPLIST_FILE = BookCatcher/Info.plist;
				LD_RUNPATH_SEARCH_PATHS = "$(inherited) @executable_path/Frameworks";
				PRODUCT_BUNDLE_IDENTIFIER = com.personal.BookCatcher;
				PRODUCT_NAME = "$(TARGET_NAME)";
				SWIFT_VERSION = 3.0;
			};
			name = Debug;
		};
		30C198981EE8C65E00F1E117 /* Release */ = {
			isa = XCBuildConfiguration;
			buildSettings = {
				ASSETCATALOG_COMPILER_APPICON_NAME = AppIcon;
				DEVELOPMENT_TEAM = 36CDGH73DP;
				INFOPLIST_FILE = BookCatcher/Info.plist;
				LD_RUNPATH_SEARCH_PATHS = "$(inherited) @executable_path/Frameworks";
				PRODUCT_BUNDLE_IDENTIFIER = com.personal.BookCatcher;
				PRODUCT_NAME = "$(TARGET_NAME)";
				SWIFT_VERSION = 3.0;
			};
			name = Release;
		};
/* End XCBuildConfiguration section */

/* Begin XCConfigurationList section */
		30C1987C1EE8C65E00F1E117 /* Build configuration list for PBXProject "BookCatcher" */ = {
			isa = XCConfigurationList;
			buildConfigurations = (
				30C198941EE8C65E00F1E117 /* Debug */,
				30C198951EE8C65E00F1E117 /* Release */,
			);
			defaultConfigurationIsVisible = 0;
			defaultConfigurationName = Release;
		};
		30C198961EE8C65E00F1E117 /* Build configuration list for PBXNativeTarget "BookCatcher" */ = {
			isa = XCConfigurationList;
			buildConfigurations = (
				30C198971EE8C65E00F1E117 /* Debug */,
				30C198981EE8C65E00F1E117 /* Release */,
			);
			defaultConfigurationIsVisible = 0;
		};
/* End XCConfigurationList section */

/* Begin XCVersionGroup section */
		30C1988B1EE8C65E00F1E117 /* BookCatcher.xcdatamodeld */ = {
			isa = XCVersionGroup;
			children = (
				30C1988C1EE8C65E00F1E117 /* BookCatcher.xcdatamodel */,
			);
			currentVersion = 30C1988C1EE8C65E00F1E117 /* BookCatcher.xcdatamodel */;
			path = BookCatcher.xcdatamodeld;
			sourceTree = "<group>";
			versionGroupType = wrapper.xcdatamodel;
		};
/* End XCVersionGroup section */
	};
	rootObject = 30C198791EE8C65E00F1E117 /* Project object */;
}
